
Microsoft Visual Studio Solution File, Format Version 12.00
Project("{FAE04EC0-301F-11D3-BF4B-00C04F79EFBC}") = "DataTypeValueType", "DataTypeValueType\DataTypeValueType.csproj", "{10BF691E-31BE-4FBB-A2A9-8C0949ECF66A}"
EndProject
Project("{FAE04EC0-301F-11D3-BF4B-00C04F79EFBC}") = "ReferenceType", "ReferenceType\ReferenceType.csproj", "{9618BAF1-2FDF-465F-877C-104878DDF498}"
EndProject
Project("{FAE04EC0-301F-11D3-BF4B-00C04F79EFBC}") = "ArrayType", "ArrayType\ArrayType.csproj", "{CAEE8A66-FBA4-426F-8C70-7535A38A2A31}"
EndProject
Project("{FAE04EC0-301F-11D3-BF4B-00C04F79EFBC}") = "CollectionValue", "CollectionValue\CollectionValue.csproj", "{A58EB950-9A1B-4649-AB72-593355B44260}"
EndProject
Project("{2150E333-8FDC-42A3-9474-1A3956D46DE8}") = "LinQ", "LinQ", "{742EBE75-1CB5-4797-B4A1-D8488A329FF6}"
EndProject
Project("{FAE04EC0-301F-11D3-BF4B-00C04F79EFBC}") = "LinQLearning", "LinQ\LinQLearning\LinQLearning.csproj", "{58C2F6C2-DAF1-47CF-9A40-92D2EF8210DB}"
EndProject
Project("{FAE04EC0-301F-11D3-BF4B-00C04F79EFBC}") = "StudentLinQ", "LinQ\StudentLinQ\StudentLinQ.csproj", "{5A18EBD8-3270-42DD-B689-9396D74069B8}"
EndProject
Project("{2150E333-8FDC-42A3-9474-1A3956D46DE8}") = "OOP", "OOP", "{3626E635-462B-4BBF-B9E8-8F45C0986178}"
EndProject
Project("{2150E333-8FDC-42A3-9474-1A3956D46DE8}") = "RepositoryPattern", "RepositoryPattern", "{E1284603-C17F-4BA7-83A4-951DE13BD458}"
EndProject
Global
	GlobalSection(SolutionConfigurationPlatforms) = preSolution
		Debug|Any CPU = Debug|Any CPU
		Release|Any CPU = Release|Any CPU
	EndGlobalSection
	GlobalSection(ProjectConfigurationPlatforms) = postSolution
		{10BF691E-31BE-4FBB-A2A9-8C0949ECF66A}.Debug|Any CPU.ActiveCfg = Debug|Any CPU
		{10BF691E-31BE-4FBB-A2A9-8C0949ECF66A}.Debug|Any CPU.Build.0 = Debug|Any CPU
		{10BF691E-31BE-4FBB-A2A9-8C0949ECF66A}.Release|Any CPU.ActiveCfg = Release|Any CPU
		{10BF691E-31BE-4FBB-A2A9-8C0949ECF66A}.Release|Any CPU.Build.0 = Release|Any CPU
		{9618BAF1-2FDF-465F-877C-104878DDF498}.Debug|Any CPU.ActiveCfg = Debug|Any CPU
		{9618BAF1-2FDF-465F-877C-104878DDF498}.Debug|Any CPU.Build.0 = Debug|Any CPU
		{9618BAF1-2FDF-465F-877C-104878DDF498}.Release|Any CPU.ActiveCfg = Release|Any CPU
		{9618BAF1-2FDF-465F-877C-104878DDF498}.Release|Any CPU.Build.0 = Release|Any CPU
		{CAEE8A66-FBA4-426F-8C70-7535A38A2A31}.Debug|Any CPU.ActiveCfg = Debug|Any CPU
		{CAEE8A66-FBA4-426F-8C70-7535A38A2A31}.Debug|Any CPU.Build.0 = Debug|Any CPU
		{CAEE8A66-FBA4-426F-8C70-7535A38A2A31}.Release|Any CPU.ActiveCfg = Release|Any CPU
		{CAEE8A66-FBA4-426F-8C70-7535A38A2A31}.Release|Any CPU.Build.0 = Release|Any CPU
		{A58EB950-9A1B-4649-AB72-593355B44260}.Debug|Any CPU.ActiveCfg = Debug|Any CPU
		{A58EB950-9A1B-4649-AB72-593355B44260}.Debug|Any CPU.Build.0 = Debug|Any CPU
		{A58EB950-9A1B-4649-AB72-593355B44260}.Release|Any CPU.ActiveCfg = Release|Any CPU
		{A58EB950-9A1B-4649-AB72-593355B44260}.Release|Any CPU.Build.0 = Release|Any CPU
		{58C2F6C2-DAF1-47CF-9A40-92D2EF8210DB}.Debug|Any CPU.ActiveCfg = Debug|Any CPU
		{58C2F6C2-DAF1-47CF-9A40-92D2EF8210DB}.Debug|Any CPU.Build.0 = Debug|Any CPU
		{58C2F6C2-DAF1-47CF-9A40-92D2EF8210DB}.Release|Any CPU.ActiveCfg = Release|Any CPU
		{58C2F6C2-DAF1-47CF-9A40-92D2EF8210DB}.Release|Any CPU.Build.0 = Release|Any CPU
		{5A18EBD8-3270-42DD-B689-9396D74069B8}.Debug|Any CPU.ActiveCfg = Debug|Any CPU
		{5A18EBD8-3270-42DD-B689-9396D74069B8}.Debug|Any CPU.Build.0 = Debug|Any CPU
		{5A18EBD8-3270-42DD-B689-9396D74069B8}.Release|Any CPU.ActiveCfg = Release|Any CPU
		{5A18EBD8-3270-42DD-B689-9396D74069B8}.Release|Any CPU.Build.0 = Release|Any CPU
	EndGlobalSection
	GlobalSection(NestedProjects) = preSolution
		{58C2F6C2-DAF1-47CF-9A40-92D2EF8210DB} = {742EBE75-1CB5-4797-B4A1-D8488A329FF6}
		{5A18EBD8-3270-42DD-B689-9396D74069B8} = {742EBE75-1CB5-4797-B4A1-D8488A329FF6}
	EndGlobalSection
EndGlobal
